
Microsoft Visual Studio Solution File, Format Version 12.00
# Visual Studio Version 16
VisualStudioVersion = 25.0.1700.0
MinimumVisualStudioVersion = 10.0.40219.1
Project("{FAE04EC0-301F-11D3-BF4B-00C04F79EFBC}") = "MQTTPublishNetCore", "MQTTPublishSubscribeNetCore\MQTTPublishNetCore.csproj", "{0886F5AE-C833-4AD3-8FB9-003D0A9EE741}"
EndProject
Project("{FAE04EC0-301F-11D3-BF4B-00C04F79EFBC}") = "MQTTSubscriberNetCore", "MQTTSuscribeNetCore\MQTTSubscriberNetCore.csproj", "{D720F895-78B4-4B22-B4A2-573493793951}"
EndProject
Global
	GlobalSection(SolutionConfigurationPlatforms) = preSolution
		Debug|Any CPU = Debug|Any CPU
		Release|Any CPU = Release|Any CPU
	EndGlobalSection
	GlobalSection(ProjectConfigurationPlatforms) = postSolution
		{0886F5AE-C833-4AD3-8FB9-003D0A9EE741}.Debug|Any CPU.ActiveCfg = Debug|Any CPU
		{0886F5AE-C833-4AD3-8FB9-003D0A9EE741}.Debug|Any CPU.Build.0 = Debug|Any CPU
		{0886F5AE-C833-4AD3-8FB9-003D0A9EE741}.Release|Any CPU.ActiveCfg = Release|Any CPU
		{0886F5AE-C833-4AD3-8FB9-003D0A9EE741}.Release|Any CPU.Build.0 = Release|Any CPU
		{D720F895-78B4-4B22-B4A2-573493793951}.Debug|Any CPU.ActiveCfg = Debug|Any CPU
		{D720F895-78B4-4B22-B4A2-573493793951}.Debug|Any CPU.Build.0 = Debug|Any CPU
		{D720F895-78B4-4B22-B4A2-573493793951}.Release|Any CPU.ActiveCfg = Release|Any CPU
		{D720F895-78B4-4B22-B4A2-573493793951}.Release|Any CPU.Build.0 = Release|Any CPU
	EndGlobalSection
	GlobalSection(SolutionProperties) = preSolution
		HideSolutionNode = FALSE
	EndGlobalSection
	GlobalSection(ExtensibilityGlobals) = postSolution
		SolutionGuid = {E5EA9665-45BC-49B7-A947-B66EBCF3BC23}
	EndGlobalSection
EndGlobal
